
Microsoft Visual Studio Solution File, Format Version 12.00
# Visual Studio 2012
Project("{FAE04EC0-301F-11D3-BF4B-00C04F79EFBC}") = "Entities", "Entities\Entities.csproj", "{0EB0931D-C8A7-4F44-9154-61BE0C279972}"
EndProject
Project("{F2A71F9B-5D33-465A-A702-920D77279786}") = "FsharpLib", "FsharpLib\FsharpLib.fsproj", "{C3716CE0-C50A-4BFE-BEA6-584BDC872FF2}"
EndProject
Project("{FAE04EC0-301F-11D3-BF4B-00C04F79EFBC}") = "FinishedMusicStore", "MvcMusicStore\FinishedMusicStore.csproj", "{32DCD27D-A84C-4250-B657-408B3620A9AC}"
EndProject
Project("{FAE04EC0-301F-11D3-BF4B-00C04F79EFBC}") = "MvcKompMvc4", "MvcKompMvc4\MvcKompMvc4.csproj", "{05745EED-52F7-4C91-87F2-FACB97C25CFB}"
EndProject
Project("{FAE04EC0-301F-11D3-BF4B-00C04F79EFBC}") = "MvcKomp3", "MvcKomp3\MvcKomp3.csproj", "{61AEDC48-8123-4E0F-A7F2-A469825DC3E2}"
EndProject
Project("{FAE04EC0-301F-11D3-BF4B-00C04F79EFBC}") = "MvcPaging", "MvcPaging\MvcPaging.csproj", "{AAF30968-1118-4937-B392-E9863EA8D76D}"
EndProject
Project("{FAE04EC0-301F-11D3-BF4B-00C04F79EFBC}") = "Log", "Log\Log.csproj", "{09C53720-C84B-4462-A2C1-604E9DD0FCBD}"
EndProject
Project("{FAE04EC0-301F-11D3-BF4B-00C04F79EFBC}") = "JQueryPro", "JQueryPro\JQueryPro.csproj", "{88CF0DB6-6CE4-41AC-8262-D70EF7C929BE}"
EndProject
Project("{2150E333-8FDC-42A3-9474-1A3956D46DE8}") = ".nuget", ".nuget", "{D295EAB7-8017-47FA-A68D-7BA8B449775C}"
	ProjectSection(SolutionItems) = preProject
		WebApi\.nuget\NuGet.Config = WebApi\.nuget\NuGet.Config
		WebApi\.nuget\NuGet.exe = WebApi\.nuget\NuGet.exe
		WebApi\.nuget\NuGet.targets = WebApi\.nuget\NuGet.targets
	EndProjectSection
EndProject
Project("{FAE04EC0-301F-11D3-BF4B-00C04F79EFBC}") = "WebApi", "WebApi\WebApi.csproj", "{8EB589B8-42EB-47CD-B62B-77DD12643A2E}"
EndProject
Project("{FAE04EC0-301F-11D3-BF4B-00C04F79EFBC}") = "KnockoutJS", "KnockoutJS\KnockoutJS.csproj", "{B20DB2A9-21EA-4BDB-8576-B14C8C884173}"
EndProject
Project("{FAE04EC0-301F-11D3-BF4B-00C04F79EFBC}") = "WebApiDemo", "WebApiDemo\WebApiDemo\WebApiDemo.csproj", "{463AF561-A2BC-432C-AA7D-326ABEFFFAC4}"
EndProject
Project("{FAE04EC0-301F-11D3-BF4B-00C04F79EFBC}") = "WebApiDemo.Tests", "WebApiDemo\WebApiDemo.Tests\WebApiDemo.Tests.csproj", "{3AC95A91-D7A2-44BC-A3E9-20150B50E4CC}"
EndProject
Project("{FAE04EC0-301F-11D3-BF4B-00C04F79EFBC}") = "MediaService", "MediaService\MediaService\MediaService.csproj", "{6DC12211-346F-4333-8B54-71505E93B527}"
EndProject
Project("{FAE04EC0-301F-11D3-BF4B-00C04F79EFBC}") = "oDataService", "oDataService\oDataService.csproj", "{2D75DED1-98CE-4D74-B729-947B65D5C868}"
EndProject
Global
	GlobalSection(SolutionConfigurationPlatforms) = preSolution
		Debug|Any CPU = Debug|Any CPU
		Debug|Mixed Platforms = Debug|Mixed Platforms
		Debug|x86 = Debug|x86
		Release|Any CPU = Release|Any CPU
		Release|Mixed Platforms = Release|Mixed Platforms
		Release|x86 = Release|x86
	EndGlobalSection
	GlobalSection(ProjectConfigurationPlatforms) = postSolution
		{0EB0931D-C8A7-4F44-9154-61BE0C279972}.Debug|Any CPU.ActiveCfg = Debug|Any CPU
		{0EB0931D-C8A7-4F44-9154-61BE0C279972}.Debug|Any CPU.Build.0 = Debug|Any CPU
		{0EB0931D-C8A7-4F44-9154-61BE0C279972}.Debug|Mixed Platforms.ActiveCfg = Debug|Any CPU
		{0EB0931D-C8A7-4F44-9154-61BE0C279972}.Debug|Mixed Platforms.Build.0 = Debug|Any CPU
		{0EB0931D-C8A7-4F44-9154-61BE0C279972}.Debug|x86.ActiveCfg = Debug|Any CPU
		{0EB0931D-C8A7-4F44-9154-61BE0C279972}.Release|Any CPU.ActiveCfg = Release|Any CPU
		{0EB0931D-C8A7-4F44-9154-61BE0C279972}.Release|Any CPU.Build.0 = Release|Any CPU
		{0EB0931D-C8A7-4F44-9154-61BE0C279972}.Release|Mixed Platforms.ActiveCfg = Release|Any CPU
		{0EB0931D-C8A7-4F44-9154-61BE0C279972}.Release|Mixed Platforms.Build.0 = Release|Any CPU
		{0EB0931D-C8A7-4F44-9154-61BE0C279972}.Release|x86.ActiveCfg = Release|Any CPU
		{C3716CE0-C50A-4BFE-BEA6-584BDC872FF2}.Debug|Any CPU.ActiveCfg = Debug|Any CPU
		{C3716CE0-C50A-4BFE-BEA6-584BDC872FF2}.Debug|Any CPU.Build.0 = Debug|Any CPU
		{C3716CE0-C50A-4BFE-BEA6-584BDC872FF2}.Debug|Mixed Platforms.ActiveCfg = Debug|Any CPU
		{C3716CE0-C50A-4BFE-BEA6-584BDC872FF2}.Debug|Mixed Platforms.Build.0 = Debug|Any CPU
		{C3716CE0-C50A-4BFE-BEA6-584BDC872FF2}.Debug|x86.ActiveCfg = Debug|Any CPU
		{C3716CE0-C50A-4BFE-BEA6-584BDC872FF2}.Release|Any CPU.ActiveCfg = Release|Any CPU
		{C3716CE0-C50A-4BFE-BEA6-584BDC872FF2}.Release|Any CPU.Build.0 = Release|Any CPU
		{C3716CE0-C50A-4BFE-BEA6-584BDC872FF2}.Release|Mixed Platforms.ActiveCfg = Release|Any CPU
		{C3716CE0-C50A-4BFE-BEA6-584BDC872FF2}.Release|Mixed Platforms.Build.0 = Release|Any CPU
		{C3716CE0-C50A-4BFE-BEA6-584BDC872FF2}.Release|x86.ActiveCfg = Release|Any CPU
		{32DCD27D-A84C-4250-B657-408B3620A9AC}.Debug|Any CPU.ActiveCfg = Debug|Any CPU
		{32DCD27D-A84C-4250-B657-408B3620A9AC}.Debug|Any CPU.Build.0 = Debug|Any CPU
		{32DCD27D-A84C-4250-B657-408B3620A9AC}.Debug|Mixed Platforms.ActiveCfg = Debug|Any CPU
		{32DCD27D-A84C-4250-B657-408B3620A9AC}.Debug|Mixed Platforms.Build.0 = Debug|Any CPU
		{32DCD27D-A84C-4250-B657-408B3620A9AC}.Debug|x86.ActiveCfg = Debug|Any CPU
		{32DCD27D-A84C-4250-B657-408B3620A9AC}.Release|Any CPU.ActiveCfg = Release|Any CPU
		{32DCD27D-A84C-4250-B657-408B3620A9AC}.Release|Any CPU.Build.0 = Release|Any CPU
		{32DCD27D-A84C-4250-B657-408B3620A9AC}.Release|Mixed Platforms.ActiveCfg = Release|Any CPU
		{32DCD27D-A84C-4250-B657-408B3620A9AC}.Release|Mixed Platforms.Build.0 = Release|Any CPU
		{32DCD27D-A84C-4250-B657-408B3620A9AC}.Release|x86.ActiveCfg = Release|Any CPU
		{05745EED-52F7-4C91-87F2-FACB97C25CFB}.Debug|Any CPU.ActiveCfg = Debug|Any CPU
		{05745EED-52F7-4C91-87F2-FACB97C25CFB}.Debug|Any CPU.Build.0 = Debug|Any CPU
		{05745EED-52F7-4C91-87F2-FACB97C25CFB}.Debug|Mixed Platforms.ActiveCfg = Debug|Any CPU
		{05745EED-52F7-4C91-87F2-FACB97C25CFB}.Debug|Mixed Platforms.Build.0 = Debug|Any CPU
		{05745EED-52F7-4C91-87F2-FACB97C25CFB}.Debug|x86.ActiveCfg = Debug|Any CPU
		{05745EED-52F7-4C91-87F2-FACB97C25CFB}.Release|Any CPU.ActiveCfg = Release|Any CPU
		{05745EED-52F7-4C91-87F2-FACB97C25CFB}.Release|Any CPU.Build.0 = Release|Any CPU
		{05745EED-52F7-4C91-87F2-FACB97C25CFB}.Release|Mixed Platforms.ActiveCfg = Release|Any CPU
		{05745EED-52F7-4C91-87F2-FACB97C25CFB}.Release|Mixed Platforms.Build.0 = Release|Any CPU
		{05745EED-52F7-4C91-87F2-FACB97C25CFB}.Release|x86.ActiveCfg = Release|Any CPU
		{61AEDC48-8123-4E0F-A7F2-A469825DC3E2}.Debug|Any CPU.ActiveCfg = Debug|Any CPU
		{61AEDC48-8123-4E0F-A7F2-A469825DC3E2}.Debug|Any CPU.Build.0 = Debug|Any CPU
		{61AEDC48-8123-4E0F-A7F2-A469825DC3E2}.Debug|Mixed Platforms.ActiveCfg = Debug|Any CPU
		{61AEDC48-8123-4E0F-A7F2-A469825DC3E2}.Debug|Mixed Platforms.Build.0 = Debug|Any CPU
		{61AEDC48-8123-4E0F-A7F2-A469825DC3E2}.Debug|x86.ActiveCfg = Debug|Any CPU
		{61AEDC48-8123-4E0F-A7F2-A469825DC3E2}.Release|Any CPU.ActiveCfg = Release|Any CPU
		{61AEDC48-8123-4E0F-A7F2-A469825DC3E2}.Release|Any CPU.Build.0 = Release|Any CPU
		{61AEDC48-8123-4E0F-A7F2-A469825DC3E2}.Release|Mixed Platforms.ActiveCfg = Release|Any CPU
		{61AEDC48-8123-4E0F-A7F2-A469825DC3E2}.Release|Mixed Platforms.Build.0 = Release|Any CPU
		{61AEDC48-8123-4E0F-A7F2-A469825DC3E2}.Release|x86.ActiveCfg = Release|Any CPU
		{AAF30968-1118-4937-B392-E9863EA8D76D}.Debug|Any CPU.ActiveCfg = Debug|Any CPU
		{AAF30968-1118-4937-B392-E9863EA8D76D}.Debug|Any CPU.Build.0 = Debug|Any CPU
		{AAF30968-1118-4937-B392-E9863EA8D76D}.Debug|Mixed Platforms.ActiveCfg = Debug|Any CPU
		{AAF30968-1118-4937-B392-E9863EA8D76D}.Debug|Mixed Platforms.Build.0 = Debug|Any CPU
		{AAF30968-1118-4937-B392-E9863EA8D76D}.Debug|x86.ActiveCfg = Debug|Any CPU
		{AAF30968-1118-4937-B392-E9863EA8D76D}.Release|Any CPU.ActiveCfg = Release|Any CPU
		{AAF30968-1118-4937-B392-E9863EA8D76D}.Release|Any CPU.Build.0 = Release|Any CPU
		{AAF30968-1118-4937-B392-E9863EA8D76D}.Release|Mixed Platforms.ActiveCfg = Release|Any CPU
		{AAF30968-1118-4937-B392-E9863EA8D76D}.Release|Mixed Platforms.Build.0 = Release|Any CPU
		{AAF30968-1118-4937-B392-E9863EA8D76D}.Release|x86.ActiveCfg = Release|Any CPU
		{09C53720-C84B-4462-A2C1-604E9DD0FCBD}.Debug|Any CPU.ActiveCfg = Debug|Any CPU
		{09C53720-C84B-4462-A2C1-604E9DD0FCBD}.Debug|Any CPU.Build.0 = Debug|Any CPU
		{09C53720-C84B-4462-A2C1-604E9DD0FCBD}.Debug|Mixed Platforms.ActiveCfg = Debug|Any CPU
		{09C53720-C84B-4462-A2C1-604E9DD0FCBD}.Debug|Mixed Platforms.Build.0 = Debug|Any CPU
		{09C53720-C84B-4462-A2C1-604E9DD0FCBD}.Debug|x86.ActiveCfg = Debug|Any CPU
		{09C53720-C84B-4462-A2C1-604E9DD0FCBD}.Release|Any CPU.ActiveCfg = Release|Any CPU
		{09C53720-C84B-4462-A2C1-604E9DD0FCBD}.Release|Any CPU.Build.0 = Release|Any CPU
		{09C53720-C84B-4462-A2C1-604E9DD0FCBD}.Release|Mixed Platforms.ActiveCfg = Release|Any CPU
		{09C53720-C84B-4462-A2C1-604E9DD0FCBD}.Release|Mixed Platforms.Build.0 = Release|Any CPU
		{09C53720-C84B-4462-A2C1-604E9DD0FCBD}.Release|x86.ActiveCfg = Release|Any CPU
		{88CF0DB6-6CE4-41AC-8262-D70EF7C929BE}.Debug|Any CPU.ActiveCfg = Debug|Any CPU
		{88CF0DB6-6CE4-41AC-8262-D70EF7C929BE}.Debug|Any CPU.Build.0 = Debug|Any CPU
		{88CF0DB6-6CE4-41AC-8262-D70EF7C929BE}.Debug|Mixed Platforms.ActiveCfg = Debug|Any CPU
		{88CF0DB6-6CE4-41AC-8262-D70EF7C929BE}.Debug|Mixed Platforms.Build.0 = Debug|Any CPU
		{88CF0DB6-6CE4-41AC-8262-D70EF7C929BE}.Debug|x86.ActiveCfg = Debug|Any CPU
		{88CF0DB6-6CE4-41AC-8262-D70EF7C929BE}.Release|Any CPU.ActiveCfg = Release|Any CPU
		{88CF0DB6-6CE4-41AC-8262-D70EF7C929BE}.Release|Any CPU.Build.0 = Release|Any CPU
		{88CF0DB6-6CE4-41AC-8262-D70EF7C929BE}.Release|Mixed Platforms.ActiveCfg = Release|Any CPU
		{88CF0DB6-6CE4-41AC-8262-D70EF7C929BE}.Release|Mixed Platforms.Build.0 = Release|Any CPU
		{88CF0DB6-6CE4-41AC-8262-D70EF7C929BE}.Release|x86.ActiveCfg = Release|Any CPU
		{8EB589B8-42EB-47CD-B62B-77DD12643A2E}.Debug|Any CPU.ActiveCfg = Debug|Any CPU
		{8EB589B8-42EB-47CD-B62B-77DD12643A2E}.Debug|Any CPU.Build.0 = Debug|Any CPU
		{8EB589B8-42EB-47CD-B62B-77DD12643A2E}.Debug|Mixed Platforms.ActiveCfg = Debug|Any CPU
		{8EB589B8-42EB-47CD-B62B-77DD12643A2E}.Debug|Mixed Platforms.Build.0 = Debug|Any CPU
		{8EB589B8-42EB-47CD-B62B-77DD12643A2E}.Debug|x86.ActiveCfg = Debug|Any CPU
		{8EB589B8-42EB-47CD-B62B-77DD12643A2E}.Release|Any CPU.ActiveCfg = Release|Any CPU
		{8EB589B8-42EB-47CD-B62B-77DD12643A2E}.Release|Any CPU.Build.0 = Release|Any CPU
		{8EB589B8-42EB-47CD-B62B-77DD12643A2E}.Release|Mixed Platforms.ActiveCfg = Release|Any CPU
		{8EB589B8-42EB-47CD-B62B-77DD12643A2E}.Release|Mixed Platforms.Build.0 = Release|Any CPU
		{8EB589B8-42EB-47CD-B62B-77DD12643A2E}.Release|x86.ActiveCfg = Release|Any CPU
		{B20DB2A9-21EA-4BDB-8576-B14C8C884173}.Debug|Any CPU.ActiveCfg = Debug|Any CPU
		{B20DB2A9-21EA-4BDB-8576-B14C8C884173}.Debug|Any CPU.Build.0 = Debug|Any CPU
		{B20DB2A9-21EA-4BDB-8576-B14C8C884173}.Debug|Mixed Platforms.ActiveCfg = Debug|Any CPU
		{B20DB2A9-21EA-4BDB-8576-B14C8C884173}.Debug|Mixed Platforms.Build.0 = Debug|Any CPU
		{B20DB2A9-21EA-4BDB-8576-B14C8C884173}.Debug|x86.ActiveCfg = Debug|Any CPU
		{B20DB2A9-21EA-4BDB-8576-B14C8C884173}.Release|Any CPU.ActiveCfg = Release|Any CPU
		{B20DB2A9-21EA-4BDB-8576-B14C8C884173}.Release|Any CPU.Build.0 = Release|Any CPU
		{B20DB2A9-21EA-4BDB-8576-B14C8C884173}.Release|Mixed Platforms.ActiveCfg = Release|Any CPU
		{B20DB2A9-21EA-4BDB-8576-B14C8C884173}.Release|Mixed Platforms.Build.0 = Release|Any CPU
		{B20DB2A9-21EA-4BDB-8576-B14C8C884173}.Release|x86.ActiveCfg = Release|Any CPU
		{463AF561-A2BC-432C-AA7D-326ABEFFFAC4}.Debug|Any CPU.ActiveCfg = Debug|Any CPU
		{463AF561-A2BC-432C-AA7D-326ABEFFFAC4}.Debug|Any CPU.Build.0 = Debug|Any CPU
		{463AF561-A2BC-432C-AA7D-326ABEFFFAC4}.Debug|Mixed Platforms.ActiveCfg = Debug|Any CPU
		{463AF561-A2BC-432C-AA7D-326ABEFFFAC4}.Debug|Mixed Platforms.Build.0 = Debug|Any CPU
		{463AF561-A2BC-432C-AA7D-326ABEFFFAC4}.Debug|x86.ActiveCfg = Debug|Any CPU
		{463AF561-A2BC-432C-AA7D-326ABEFFFAC4}.Release|Any CPU.ActiveCfg = Release|Any CPU
		{463AF561-A2BC-432C-AA7D-326ABEFFFAC4}.Release|Any CPU.Build.0 = Release|Any CPU
		{463AF561-A2BC-432C-AA7D-326ABEFFFAC4}.Release|Mixed Platforms.ActiveCfg = Release|Any CPU
		{463AF561-A2BC-432C-AA7D-326ABEFFFAC4}.Release|Mixed Platforms.Build.0 = Release|Any CPU
		{463AF561-A2BC-432C-AA7D-326ABEFFFAC4}.Release|x86.ActiveCfg = Release|Any CPU
		{3AC95A91-D7A2-44BC-A3E9-20150B50E4CC}.Debug|Any CPU.ActiveCfg = Debug|Any CPU
		{3AC95A91-D7A2-44BC-A3E9-20150B50E4CC}.Debug|Any CPU.Build.0 = Debug|Any CPU
		{3AC95A91-D7A2-44BC-A3E9-20150B50E4CC}.Debug|Mixed Platforms.ActiveCfg = Debug|Any CPU
		{3AC95A91-D7A2-44BC-A3E9-20150B50E4CC}.Debug|Mixed Platforms.Build.0 = Debug|Any CPU
		{3AC95A91-D7A2-44BC-A3E9-20150B50E4CC}.Debug|x86.ActiveCfg = Debug|Any CPU
		{3AC95A91-D7A2-44BC-A3E9-20150B50E4CC}.Release|Any CPU.ActiveCfg = Release|Any CPU
		{3AC95A91-D7A2-44BC-A3E9-20150B50E4CC}.Release|Any CPU.Build.0 = Release|Any CPU
		{3AC95A91-D7A2-44BC-A3E9-20150B50E4CC}.Release|Mixed Platforms.ActiveCfg = Release|Any CPU
		{3AC95A91-D7A2-44BC-A3E9-20150B50E4CC}.Release|Mixed Platforms.Build.0 = Release|Any CPU
		{3AC95A91-D7A2-44BC-A3E9-20150B50E4CC}.Release|x86.ActiveCfg = Release|Any CPU
		{6DC12211-346F-4333-8B54-71505E93B527}.Debug|Any CPU.ActiveCfg = Debug|Any CPU
		{6DC12211-346F-4333-8B54-71505E93B527}.Debug|Any CPU.Build.0 = Debug|Any CPU
		{6DC12211-346F-4333-8B54-71505E93B527}.Debug|Mixed Platforms.ActiveCfg = Debug|Any CPU
		{6DC12211-346F-4333-8B54-71505E93B527}.Debug|Mixed Platforms.Build.0 = Debug|Any CPU
		{6DC12211-346F-4333-8B54-71505E93B527}.Debug|x86.ActiveCfg = Debug|Any CPU
		{6DC12211-346F-4333-8B54-71505E93B527}.Release|Any CPU.ActiveCfg = Release|Any CPU
		{6DC12211-346F-4333-8B54-71505E93B527}.Release|Any CPU.Build.0 = Release|Any CPU
		{6DC12211-346F-4333-8B54-71505E93B527}.Release|Mixed Platforms.ActiveCfg = Release|Any CPU
		{6DC12211-346F-4333-8B54-71505E93B527}.Release|Mixed Platforms.Build.0 = Release|Any CPU
		{6DC12211-346F-4333-8B54-71505E93B527}.Release|x86.ActiveCfg = Release|Any CPU
		{2D75DED1-98CE-4D74-B729-947B65D5C868}.Debug|Any CPU.ActiveCfg = Debug|Any CPU
		{2D75DED1-98CE-4D74-B729-947B65D5C868}.Debug|Any CPU.Build.0 = Debug|Any CPU
		{2D75DED1-98CE-4D74-B729-947B65D5C868}.Debug|Mixed Platforms.ActiveCfg = Debug|Any CPU
		{2D75DED1-98CE-4D74-B729-947B65D5C868}.Debug|Mixed Platforms.Build.0 = Debug|Any CPU
		{2D75DED1-98CE-4D74-B729-947B65D5C868}.Debug|x86.ActiveCfg = Debug|Any CPU
		{2D75DED1-98CE-4D74-B729-947B65D5C868}.Release|Any CPU.ActiveCfg = Release|Any CPU
		{2D75DED1-98CE-4D74-B729-947B65D5C868}.Release|Any CPU.Build.0 = Release|Any CPU
		{2D75DED1-98CE-4D74-B729-947B65D5C868}.Release|Mixed Platforms.ActiveCfg = Release|Any CPU
		{2D75DED1-98CE-4D74-B729-947B65D5C868}.Release|Mixed Platforms.Build.0 = Release|Any CPU
		{2D75DED1-98CE-4D74-B729-947B65D5C868}.Release|x86.ActiveCfg = Release|Any CPU
	EndGlobalSection
	GlobalSection(SolutionProperties) = preSolution
		HideSolutionNode = FALSE
	EndGlobalSection
EndGlobal
