
Microsoft Visual Studio Solution File, Format Version 12.00
# Visual Studio 2013
VisualStudioVersion = 12.0.30723.0
MinimumVisualStudioVersion = 10.0.40219.1
Project("{2150E333-8FDC-42A3-9474-1A3956D46DE8}") = ".nuget", ".nuget", "{D295EAB7-8017-47FA-A68D-7BA8B449775C}"
	ProjectSection(SolutionItems) = preProject
		WebApi\.nuget\NuGet.Config = WebApi\.nuget\NuGet.Config
		WebApi\.nuget\NuGet.exe = WebApi\.nuget\NuGet.exe
		WebApi\.nuget\NuGet.targets = WebApi\.nuget\NuGet.targets
	EndProjectSection
EndProject
Project("{2150E333-8FDC-42A3-9474-1A3956D46DE8}") = "JavascriptPatterns", "JavascriptPatterns", "{D57B83FF-80D5-4C94-A208-D80B8F35F5E8}"
	ProjectSection(SolutionItems) = preProject
		Constractot_Property.html = Constractot_Property.html
		Module.html = Module.html
		Observer.html = Observer.html
		Prototype.html = Prototype.html
		Revealing_Module.html = Revealing_Module.html
	EndProjectSection
EndProject
Project("{2150E333-8FDC-42A3-9474-1A3956D46DE8}") = "object-creation-patterns", "object-creation-patterns", "{7E696F46-DA95-4104-9252-ED3F1C1B9A21}"
	ProjectSection(SolutionItems) = preProject
		JavascriptPatterns\object-creation-patterns\chaining.html = JavascriptPatterns\object-creation-patterns\chaining.html
		JavascriptPatterns\object-creation-patterns\declaring-dependencies.html = JavascriptPatterns\object-creation-patterns\declaring-dependencies.html
		JavascriptPatterns\object-creation-patterns\module.html = JavascriptPatterns\object-creation-patterns\module.html
		JavascriptPatterns\object-creation-patterns\namespace.html = JavascriptPatterns\object-creation-patterns\namespace.html
		JavascriptPatterns\object-creation-patterns\object-constants.html = JavascriptPatterns\object-creation-patterns\object-constants.html
		JavascriptPatterns\object-creation-patterns\private-properties-and-methods.html = JavascriptPatterns\object-creation-patterns\private-properties-and-methods.html
		JavascriptPatterns\object-creation-patterns\revelation.html = JavascriptPatterns\object-creation-patterns\revelation.html
		JavascriptPatterns\object-creation-patterns\sandbox.html = JavascriptPatterns\object-creation-patterns\sandbox.html
		JavascriptPatterns\object-creation-patterns\static-members.html = JavascriptPatterns\object-creation-patterns\static-members.html
		JavascriptPatterns\object-creation-patterns\sugar-method.html = JavascriptPatterns\object-creation-patterns\sugar-method.html
	EndProjectSection
EndProject
Project("{2150E333-8FDC-42A3-9474-1A3956D46DE8}") = "literals-and-constructors", "literals-and-constructors", "{6BBAB0E0-DBD3-48B8-95E1-FB8AF1877632}"
	ProjectSection(SolutionItems) = preProject
		JavascriptPatterns\literals-and-constructors\array-literal.html = JavascriptPatterns\literals-and-constructors\array-literal.html
		JavascriptPatterns\literals-and-constructors\enforcing-new.html = JavascriptPatterns\literals-and-constructors\enforcing-new.html
		JavascriptPatterns\literals-and-constructors\json.html = JavascriptPatterns\literals-and-constructors\json.html
		JavascriptPatterns\literals-and-constructors\object-literal.html = JavascriptPatterns\literals-and-constructors\object-literal.html
		JavascriptPatterns\literals-and-constructors\primitive-wrappers.html = JavascriptPatterns\literals-and-constructors\primitive-wrappers.html
		JavascriptPatterns\literals-and-constructors\regular-expression-literal.html = JavascriptPatterns\literals-and-constructors\regular-expression-literal.html
	EndProjectSection
EndProject
Project("{2150E333-8FDC-42A3-9474-1A3956D46DE8}") = "jquery-plugin-patterns", "jquery-plugin-patterns", "{4E7F43D7-8BE7-4473-B1F5-03CD3B1470BA}"
	ProjectSection(SolutionItems) = preProject
		JavascriptPatterns\jquery-plugin-patterns\jquery-mobile-ui-widget-factory.html = JavascriptPatterns\jquery-plugin-patterns\jquery-mobile-ui-widget-factory.html
		JavascriptPatterns\jquery-plugin-patterns\lightweight.html = JavascriptPatterns\jquery-plugin-patterns\lightweight.html
		JavascriptPatterns\jquery-plugin-patterns\namespaced-starter.html = JavascriptPatterns\jquery-plugin-patterns\namespaced-starter.html
		JavascriptPatterns\jquery-plugin-patterns\prototypal-inheritance.html = JavascriptPatterns\jquery-plugin-patterns\prototypal-inheritance.html
		JavascriptPatterns\jquery-plugin-patterns\ui-widget-factory-bridge.html = JavascriptPatterns\jquery-plugin-patterns\ui-widget-factory-bridge.html
		JavascriptPatterns\jquery-plugin-patterns\ui-widget-factory-mobile.html = JavascriptPatterns\jquery-plugin-patterns\ui-widget-factory-mobile.html
		JavascriptPatterns\jquery-plugin-patterns\ui-widget-factory.html = JavascriptPatterns\jquery-plugin-patterns\ui-widget-factory.html
		JavascriptPatterns\jquery-plugin-patterns\ui-widget-requirejs-module.html = JavascriptPatterns\jquery-plugin-patterns\ui-widget-requirejs-module.html
	EndProjectSection
EndProject
Project("{2150E333-8FDC-42A3-9474-1A3956D46DE8}") = "jquery-patterns", "jquery-patterns", "{92139F5A-54A5-4D16-B69D-496B26547376}"
	ProjectSection(SolutionItems) = preProject
		JavascriptPatterns\jquery-patterns\append.html = JavascriptPatterns\jquery-patterns\append.html
		JavascriptPatterns\jquery-patterns\cache-selector.html = JavascriptPatterns\jquery-patterns\cache-selector.html
		JavascriptPatterns\jquery-patterns\context-and-find.html = JavascriptPatterns\jquery-patterns\context-and-find.html
		JavascriptPatterns\jquery-patterns\data.html = JavascriptPatterns\jquery-patterns\data.html
		JavascriptPatterns\jquery-patterns\decending-from-id.html = JavascriptPatterns\jquery-patterns\decending-from-id.html
		JavascriptPatterns\jquery-patterns\detach.html = JavascriptPatterns\jquery-patterns\detach.html
		JavascriptPatterns\jquery-patterns\event-delegation.html = JavascriptPatterns\jquery-patterns\event-delegation.html
		JavascriptPatterns\jquery-patterns\left-and-right.html = JavascriptPatterns\jquery-patterns\left-and-right.html
		JavascriptPatterns\jquery-patterns\pubsub-callback.html = JavascriptPatterns\jquery-patterns\pubsub-callback.html
		JavascriptPatterns\jquery-patterns\pubsub-custom-events.html = JavascriptPatterns\jquery-patterns\pubsub-custom-events.html
		JavascriptPatterns\jquery-patterns\pubsub-observable.html = JavascriptPatterns\jquery-patterns\pubsub-observable.html
		JavascriptPatterns\jquery-patterns\pubsub-plugin.html = JavascriptPatterns\jquery-patterns\pubsub-plugin.html
		JavascriptPatterns\jquery-patterns\requery.html = JavascriptPatterns\jquery-patterns\requery.html
		JavascriptPatterns\jquery-patterns\specific-when-needed.html = JavascriptPatterns\jquery-patterns\specific-when-needed.html
		JavascriptPatterns\jquery-patterns\universal-selector.html = JavascriptPatterns\jquery-patterns\universal-selector.html
		JavascriptPatterns\jquery-patterns\window-scroll-event.html = JavascriptPatterns\jquery-patterns\window-scroll-event.html
	EndProjectSection
EndProject
Project("{2150E333-8FDC-42A3-9474-1A3956D46DE8}") = "general-patterns", "general-patterns", "{1EC38A38-6311-4D02-A15A-E0BD73132426}"
	ProjectSection(SolutionItems) = preProject
		JavascriptPatterns\general-patterns\access-to-global-object.html = JavascriptPatterns\general-patterns\access-to-global-object.html
		JavascriptPatterns\general-patterns\avoiding-eval.html = JavascriptPatterns\general-patterns\avoiding-eval.html
		JavascriptPatterns\general-patterns\avoiding-implied-typecasting.html = JavascriptPatterns\general-patterns\avoiding-implied-typecasting.html
		JavascriptPatterns\general-patterns\built-in-prototypes.html = JavascriptPatterns\general-patterns\built-in-prototypes.html
		JavascriptPatterns\general-patterns\conditionals.html = JavascriptPatterns\general-patterns\conditionals.html
		JavascriptPatterns\general-patterns\for-in-loops.html = JavascriptPatterns\general-patterns\for-in-loops.html
		JavascriptPatterns\general-patterns\for-loops.html = JavascriptPatterns\general-patterns\for-loops.html
		JavascriptPatterns\general-patterns\function-declarations.html = JavascriptPatterns\general-patterns\function-declarations.html
		JavascriptPatterns\general-patterns\globals.html = JavascriptPatterns\general-patterns\globals.html
		JavascriptPatterns\general-patterns\hoisting.html = JavascriptPatterns\general-patterns\hoisting.html
		JavascriptPatterns\general-patterns\minimizing-globals.html = JavascriptPatterns\general-patterns\minimizing-globals.html
		JavascriptPatterns\general-patterns\parseint.html = JavascriptPatterns\general-patterns\parseint.html
		JavascriptPatterns\general-patterns\shim-sniffing.html = JavascriptPatterns\general-patterns\shim-sniffing.html
		JavascriptPatterns\general-patterns\single-var-pattern.html = JavascriptPatterns\general-patterns\single-var-pattern.html
		JavascriptPatterns\general-patterns\switch-pattern.html = JavascriptPatterns\general-patterns\switch-pattern.html
	EndProjectSection
EndProject
Project("{2150E333-8FDC-42A3-9474-1A3956D46DE8}") = "function-patterns", "function-patterns", "{3E51A7C5-4C08-4C31-9BA7-E9B76E357C7A}"
	ProjectSection(SolutionItems) = preProject
		JavascriptPatterns\function-patterns\callback.html = JavascriptPatterns\function-patterns\callback.html
		JavascriptPatterns\function-patterns\callbacks-and-scope.html = JavascriptPatterns\function-patterns\callbacks-and-scope.html
		JavascriptPatterns\function-patterns\configuration-objects.html = JavascriptPatterns\function-patterns\configuration-objects.html
		JavascriptPatterns\function-patterns\currying.html = JavascriptPatterns\function-patterns\currying.html
		JavascriptPatterns\function-patterns\enforcing-new-in-constructors.html = JavascriptPatterns\function-patterns\enforcing-new-in-constructors.html
		JavascriptPatterns\function-patterns\immediate-functions.html = JavascriptPatterns\function-patterns\immediate-functions.html
		JavascriptPatterns\function-patterns\immediate-object-initialization.html = JavascriptPatterns\function-patterns\immediate-object-initialization.html
		JavascriptPatterns\function-patterns\init-time-branching.html = JavascriptPatterns\function-patterns\init-time-branching.html
		JavascriptPatterns\function-patterns\memoization.html = JavascriptPatterns\function-patterns\memoization.html
		JavascriptPatterns\function-patterns\partial-application.html = JavascriptPatterns\function-patterns\partial-application.html
		JavascriptPatterns\function-patterns\returning-functions.html = JavascriptPatterns\function-patterns\returning-functions.html
		JavascriptPatterns\function-patterns\self-defining-functions.html = JavascriptPatterns\function-patterns\self-defining-functions.html
		JavascriptPatterns\function-patterns\self-overwrite.html = JavascriptPatterns\function-patterns\self-overwrite.html
	EndProjectSection
EndProject
Project("{2150E333-8FDC-42A3-9474-1A3956D46DE8}") = "dom-and-browser", "dom-and-browser", "{E3DC3EB7-293F-43F3-841D-A4B1473AC6EE}"
	ProjectSection(SolutionItems) = preProject
		JavascriptPatterns\dom-and-browser\event-handling.html = JavascriptPatterns\dom-and-browser\event-handling.html
	EndProjectSection
EndProject
Project("{2150E333-8FDC-42A3-9474-1A3956D46DE8}") = "design-patterns", "design-patterns", "{DCC2F953-EA6C-4461-918A-56F1E139DF64}"
	ProjectSection(SolutionItems) = preProject
		JavascriptPatterns\design-patterns\builder.html = JavascriptPatterns\design-patterns\builder.html
		JavascriptPatterns\design-patterns\chain-of-responsibility.html = JavascriptPatterns\design-patterns\chain-of-responsibility.html
		JavascriptPatterns\design-patterns\command.html = JavascriptPatterns\design-patterns\command.html
		Constractot_Property.html = Constractot_Property.html
		JavascriptPatterns\design-patterns\decorator.html = JavascriptPatterns\design-patterns\decorator.html
		JavascriptPatterns\design-patterns\facade.html = JavascriptPatterns\design-patterns\facade.html
		JavascriptPatterns\design-patterns\factory.html = JavascriptPatterns\design-patterns\factory.html
		JavascriptPatterns\design-patterns\iterator.html = JavascriptPatterns\design-patterns\iterator.html
		JavascriptPatterns\design-patterns\mediator.html = JavascriptPatterns\design-patterns\mediator.html
		Module.html = Module.html
		JavascriptPatterns\design-patterns\multiton.html = JavascriptPatterns\design-patterns\multiton.html
		JavascriptPatterns\design-patterns\observer.html = JavascriptPatterns\design-patterns\observer.html
		Observer.html = Observer.html
		Prototype.html = Prototype.html
		JavascriptPatterns\design-patterns\proxy.html = JavascriptPatterns\design-patterns\proxy.html
		Revealing_Module.html = Revealing_Module.html
		JavascriptPatterns\design-patterns\singleton.html = JavascriptPatterns\design-patterns\singleton.html
		JavascriptPatterns\design-patterns\strategy.html = JavascriptPatterns\design-patterns\strategy.html
	EndProjectSection
EndProject
Project("{2150E333-8FDC-42A3-9474-1A3956D46DE8}") = "code-reuse-patterns", "code-reuse-patterns", "{4E3479B1-8FA0-440C-BE81-4BEE608AD6D2}"
	ProjectSection(SolutionItems) = preProject
		JavascriptPatterns\code-reuse-patterns\borrowing-methods.html = JavascriptPatterns\code-reuse-patterns\borrowing-methods.html
		JavascriptPatterns\code-reuse-patterns\cp1-default.html = JavascriptPatterns\code-reuse-patterns\cp1-default.html
		JavascriptPatterns\code-reuse-patterns\cp2-rent-a-constructor.html = JavascriptPatterns\code-reuse-patterns\cp2-rent-a-constructor.html
		JavascriptPatterns\code-reuse-patterns\cp3-rent-and-set-prototype.html = JavascriptPatterns\code-reuse-patterns\cp3-rent-and-set-prototype.html
		JavascriptPatterns\code-reuse-patterns\cp4-share-the-prototype.html = JavascriptPatterns\code-reuse-patterns\cp4-share-the-prototype.html
		JavascriptPatterns\code-reuse-patterns\cp5-a-temporary-constructor.html = JavascriptPatterns\code-reuse-patterns\cp5-a-temporary-constructor.html
		JavascriptPatterns\code-reuse-patterns\inheritance-by-copying-properties.html = JavascriptPatterns\code-reuse-patterns\inheritance-by-copying-properties.html
		JavascriptPatterns\code-reuse-patterns\klass.html = JavascriptPatterns\code-reuse-patterns\klass.html
		JavascriptPatterns\code-reuse-patterns\mix-ins.html = JavascriptPatterns\code-reuse-patterns\mix-ins.html
		JavascriptPatterns\code-reuse-patterns\prototypal-inheritance.html = JavascriptPatterns\code-reuse-patterns\prototypal-inheritance.html
	EndProjectSection
EndProject
Project("{2150E333-8FDC-42A3-9474-1A3956D46DE8}") = "amd-commonjs", "amd-commonjs", "{A8743C73-0ED4-4508-A1DF-82447C95DD30}"
	ProjectSection(SolutionItems) = preProject
		JavascriptPatterns\jquery-plugin-patterns\amd-commonjs\pluginCore.js = JavascriptPatterns\jquery-plugin-patterns\amd-commonjs\pluginCore.js
		JavascriptPatterns\jquery-plugin-patterns\amd-commonjs\pluginExtension.js = JavascriptPatterns\jquery-plugin-patterns\amd-commonjs\pluginExtension.js
		JavascriptPatterns\jquery-plugin-patterns\amd-commonjs\usage.html = JavascriptPatterns\jquery-plugin-patterns\amd-commonjs\usage.html
	EndProjectSection
EndProject
Project("{FAE04EC0-301F-11D3-BF4B-00C04F79EFBC}") = "Entities", "Entities\Entities.csproj", "{0EB0931D-C8A7-4F44-9154-61BE0C279972}"
EndProject
Project("{FAE04EC0-301F-11D3-BF4B-00C04F79EFBC}") = "FinishedMusicStore", "MvcMusicStore\FinishedMusicStore.csproj", "{32DCD27D-A84C-4250-B657-408B3620A9AC}"
EndProject
Project("{FAE04EC0-301F-11D3-BF4B-00C04F79EFBC}") = "MvcKompMvc4", "MvcKompMvc4\MvcKompMvc4.csproj", "{05745EED-52F7-4C91-87F2-FACB97C25CFB}"
EndProject
Project("{FAE04EC0-301F-11D3-BF4B-00C04F79EFBC}") = "MvcKomp3", "MvcKomp3\MvcKomp3.csproj", "{61AEDC48-8123-4E0F-A7F2-A469825DC3E2}"
EndProject
Project("{FAE04EC0-301F-11D3-BF4B-00C04F79EFBC}") = "MvcPaging", "MvcPaging\MvcPaging.csproj", "{AAF30968-1118-4937-B392-E9863EA8D76D}"
EndProject
Project("{FAE04EC0-301F-11D3-BF4B-00C04F79EFBC}") = "Log", "Log\Log.csproj", "{09C53720-C84B-4462-A2C1-604E9DD0FCBD}"
EndProject
Project("{FAE04EC0-301F-11D3-BF4B-00C04F79EFBC}") = "JQueryPro", "JQueryPro\JQueryPro.csproj", "{88CF0DB6-6CE4-41AC-8262-D70EF7C929BE}"
EndProject
Project("{FAE04EC0-301F-11D3-BF4B-00C04F79EFBC}") = "KnockoutJS", "KnockoutJS\KnockoutJS.csproj", "{B20DB2A9-21EA-4BDB-8576-B14C8C884173}"
EndProject
Project("{FAE04EC0-301F-11D3-BF4B-00C04F79EFBC}") = "WebApiDemo", "WebApiDemo\WebApiDemo\WebApiDemo.csproj", "{463AF561-A2BC-432C-AA7D-326ABEFFFAC4}"
EndProject
Project("{FAE04EC0-301F-11D3-BF4B-00C04F79EFBC}") = "WebApiDemo.Tests", "WebApiDemo\WebApiDemo.Tests\WebApiDemo.Tests.csproj", "{3AC95A91-D7A2-44BC-A3E9-20150B50E4CC}"
EndProject
Project("{FAE04EC0-301F-11D3-BF4B-00C04F79EFBC}") = "MediaService", "MediaService\MediaService\MediaService.csproj", "{6DC12211-346F-4333-8B54-71505E93B527}"
EndProject
Project("{FAE04EC0-301F-11D3-BF4B-00C04F79EFBC}") = "oDataService", "oDataService\oDataService.csproj", "{2D75DED1-98CE-4D74-B729-947B65D5C868}"
EndProject
Project("{FAE04EC0-301F-11D3-BF4B-00C04F79EFBC}") = "ServiceWebApi", "ServiceWebApi\ServiceWebApi.csproj", "{7FF7C16E-CFF0-4B91-88EA-6077FA8C394B}"
EndProject
Project("{FAE04EC0-301F-11D3-BF4B-00C04F79EFBC}") = "MvcNotes", "MvcNotes\MvcNotes\MvcNotes.csproj", "{DB064186-1370-4CED-908D-99EE91A85CA3}"
EndProject
Global
	GlobalSection(SolutionConfigurationPlatforms) = preSolution
		Debug|Any CPU = Debug|Any CPU
		Debug|Mixed Platforms = Debug|Mixed Platforms
		Debug|x86 = Debug|x86
		Release|Any CPU = Release|Any CPU
		Release|Mixed Platforms = Release|Mixed Platforms
		Release|x86 = Release|x86
	EndGlobalSection
	GlobalSection(ProjectConfigurationPlatforms) = postSolution
		{0EB0931D-C8A7-4F44-9154-61BE0C279972}.Debug|Any CPU.ActiveCfg = Debug|Any CPU
		{0EB0931D-C8A7-4F44-9154-61BE0C279972}.Debug|Any CPU.Build.0 = Debug|Any CPU
		{0EB0931D-C8A7-4F44-9154-61BE0C279972}.Debug|Mixed Platforms.ActiveCfg = Debug|Any CPU
		{0EB0931D-C8A7-4F44-9154-61BE0C279972}.Debug|Mixed Platforms.Build.0 = Debug|Any CPU
		{0EB0931D-C8A7-4F44-9154-61BE0C279972}.Debug|x86.ActiveCfg = Debug|Any CPU
		{0EB0931D-C8A7-4F44-9154-61BE0C279972}.Release|Any CPU.ActiveCfg = Release|Any CPU
		{0EB0931D-C8A7-4F44-9154-61BE0C279972}.Release|Any CPU.Build.0 = Release|Any CPU
		{0EB0931D-C8A7-4F44-9154-61BE0C279972}.Release|Mixed Platforms.ActiveCfg = Release|Any CPU
		{0EB0931D-C8A7-4F44-9154-61BE0C279972}.Release|Mixed Platforms.Build.0 = Release|Any CPU
		{0EB0931D-C8A7-4F44-9154-61BE0C279972}.Release|x86.ActiveCfg = Release|Any CPU
		{32DCD27D-A84C-4250-B657-408B3620A9AC}.Debug|Any CPU.ActiveCfg = Debug|Any CPU
		{32DCD27D-A84C-4250-B657-408B3620A9AC}.Debug|Any CPU.Build.0 = Debug|Any CPU
		{32DCD27D-A84C-4250-B657-408B3620A9AC}.Debug|Mixed Platforms.ActiveCfg = Debug|Any CPU
		{32DCD27D-A84C-4250-B657-408B3620A9AC}.Debug|Mixed Platforms.Build.0 = Debug|Any CPU
		{32DCD27D-A84C-4250-B657-408B3620A9AC}.Debug|x86.ActiveCfg = Debug|Any CPU
		{32DCD27D-A84C-4250-B657-408B3620A9AC}.Release|Any CPU.ActiveCfg = Release|Any CPU
		{32DCD27D-A84C-4250-B657-408B3620A9AC}.Release|Any CPU.Build.0 = Release|Any CPU
		{32DCD27D-A84C-4250-B657-408B3620A9AC}.Release|Mixed Platforms.ActiveCfg = Release|Any CPU
		{32DCD27D-A84C-4250-B657-408B3620A9AC}.Release|Mixed Platforms.Build.0 = Release|Any CPU
		{32DCD27D-A84C-4250-B657-408B3620A9AC}.Release|x86.ActiveCfg = Release|Any CPU
		{05745EED-52F7-4C91-87F2-FACB97C25CFB}.Debug|Any CPU.ActiveCfg = Debug|Any CPU
		{05745EED-52F7-4C91-87F2-FACB97C25CFB}.Debug|Any CPU.Build.0 = Debug|Any CPU
		{05745EED-52F7-4C91-87F2-FACB97C25CFB}.Debug|Mixed Platforms.ActiveCfg = Debug|Any CPU
		{05745EED-52F7-4C91-87F2-FACB97C25CFB}.Debug|Mixed Platforms.Build.0 = Debug|Any CPU
		{05745EED-52F7-4C91-87F2-FACB97C25CFB}.Debug|x86.ActiveCfg = Debug|Any CPU
		{05745EED-52F7-4C91-87F2-FACB97C25CFB}.Release|Any CPU.ActiveCfg = Release|Any CPU
		{05745EED-52F7-4C91-87F2-FACB97C25CFB}.Release|Any CPU.Build.0 = Release|Any CPU
		{05745EED-52F7-4C91-87F2-FACB97C25CFB}.Release|Mixed Platforms.ActiveCfg = Release|Any CPU
		{05745EED-52F7-4C91-87F2-FACB97C25CFB}.Release|Mixed Platforms.Build.0 = Release|Any CPU
		{05745EED-52F7-4C91-87F2-FACB97C25CFB}.Release|x86.ActiveCfg = Release|Any CPU
		{61AEDC48-8123-4E0F-A7F2-A469825DC3E2}.Debug|Any CPU.ActiveCfg = Debug|Any CPU
		{61AEDC48-8123-4E0F-A7F2-A469825DC3E2}.Debug|Any CPU.Build.0 = Debug|Any CPU
		{61AEDC48-8123-4E0F-A7F2-A469825DC3E2}.Debug|Mixed Platforms.ActiveCfg = Debug|Any CPU
		{61AEDC48-8123-4E0F-A7F2-A469825DC3E2}.Debug|Mixed Platforms.Build.0 = Debug|Any CPU
		{61AEDC48-8123-4E0F-A7F2-A469825DC3E2}.Debug|x86.ActiveCfg = Debug|Any CPU
		{61AEDC48-8123-4E0F-A7F2-A469825DC3E2}.Release|Any CPU.ActiveCfg = Release|Any CPU
		{61AEDC48-8123-4E0F-A7F2-A469825DC3E2}.Release|Any CPU.Build.0 = Release|Any CPU
		{61AEDC48-8123-4E0F-A7F2-A469825DC3E2}.Release|Mixed Platforms.ActiveCfg = Release|Any CPU
		{61AEDC48-8123-4E0F-A7F2-A469825DC3E2}.Release|Mixed Platforms.Build.0 = Release|Any CPU
		{61AEDC48-8123-4E0F-A7F2-A469825DC3E2}.Release|x86.ActiveCfg = Release|Any CPU
		{AAF30968-1118-4937-B392-E9863EA8D76D}.Debug|Any CPU.ActiveCfg = Debug|Any CPU
		{AAF30968-1118-4937-B392-E9863EA8D76D}.Debug|Any CPU.Build.0 = Debug|Any CPU
		{AAF30968-1118-4937-B392-E9863EA8D76D}.Debug|Mixed Platforms.ActiveCfg = Debug|Any CPU
		{AAF30968-1118-4937-B392-E9863EA8D76D}.Debug|Mixed Platforms.Build.0 = Debug|Any CPU
		{AAF30968-1118-4937-B392-E9863EA8D76D}.Debug|x86.ActiveCfg = Debug|Any CPU
		{AAF30968-1118-4937-B392-E9863EA8D76D}.Release|Any CPU.ActiveCfg = Release|Any CPU
		{AAF30968-1118-4937-B392-E9863EA8D76D}.Release|Any CPU.Build.0 = Release|Any CPU
		{AAF30968-1118-4937-B392-E9863EA8D76D}.Release|Mixed Platforms.ActiveCfg = Release|Any CPU
		{AAF30968-1118-4937-B392-E9863EA8D76D}.Release|Mixed Platforms.Build.0 = Release|Any CPU
		{AAF30968-1118-4937-B392-E9863EA8D76D}.Release|x86.ActiveCfg = Release|Any CPU
		{09C53720-C84B-4462-A2C1-604E9DD0FCBD}.Debug|Any CPU.ActiveCfg = Debug|Any CPU
		{09C53720-C84B-4462-A2C1-604E9DD0FCBD}.Debug|Any CPU.Build.0 = Debug|Any CPU
		{09C53720-C84B-4462-A2C1-604E9DD0FCBD}.Debug|Mixed Platforms.ActiveCfg = Debug|Any CPU
		{09C53720-C84B-4462-A2C1-604E9DD0FCBD}.Debug|Mixed Platforms.Build.0 = Debug|Any CPU
		{09C53720-C84B-4462-A2C1-604E9DD0FCBD}.Debug|x86.ActiveCfg = Debug|Any CPU
		{09C53720-C84B-4462-A2C1-604E9DD0FCBD}.Release|Any CPU.ActiveCfg = Release|Any CPU
		{09C53720-C84B-4462-A2C1-604E9DD0FCBD}.Release|Any CPU.Build.0 = Release|Any CPU
		{09C53720-C84B-4462-A2C1-604E9DD0FCBD}.Release|Mixed Platforms.ActiveCfg = Release|Any CPU
		{09C53720-C84B-4462-A2C1-604E9DD0FCBD}.Release|Mixed Platforms.Build.0 = Release|Any CPU
		{09C53720-C84B-4462-A2C1-604E9DD0FCBD}.Release|x86.ActiveCfg = Release|Any CPU
		{88CF0DB6-6CE4-41AC-8262-D70EF7C929BE}.Debug|Any CPU.ActiveCfg = Debug|Any CPU
		{88CF0DB6-6CE4-41AC-8262-D70EF7C929BE}.Debug|Any CPU.Build.0 = Debug|Any CPU
		{88CF0DB6-6CE4-41AC-8262-D70EF7C929BE}.Debug|Mixed Platforms.ActiveCfg = Debug|Any CPU
		{88CF0DB6-6CE4-41AC-8262-D70EF7C929BE}.Debug|Mixed Platforms.Build.0 = Debug|Any CPU
		{88CF0DB6-6CE4-41AC-8262-D70EF7C929BE}.Debug|x86.ActiveCfg = Debug|Any CPU
		{88CF0DB6-6CE4-41AC-8262-D70EF7C929BE}.Release|Any CPU.ActiveCfg = Release|Any CPU
		{88CF0DB6-6CE4-41AC-8262-D70EF7C929BE}.Release|Any CPU.Build.0 = Release|Any CPU
		{88CF0DB6-6CE4-41AC-8262-D70EF7C929BE}.Release|Mixed Platforms.ActiveCfg = Release|Any CPU
		{88CF0DB6-6CE4-41AC-8262-D70EF7C929BE}.Release|Mixed Platforms.Build.0 = Release|Any CPU
		{88CF0DB6-6CE4-41AC-8262-D70EF7C929BE}.Release|x86.ActiveCfg = Release|Any CPU
		{B20DB2A9-21EA-4BDB-8576-B14C8C884173}.Debug|Any CPU.ActiveCfg = Debug|Any CPU
		{B20DB2A9-21EA-4BDB-8576-B14C8C884173}.Debug|Any CPU.Build.0 = Debug|Any CPU
		{B20DB2A9-21EA-4BDB-8576-B14C8C884173}.Debug|Mixed Platforms.ActiveCfg = Debug|Any CPU
		{B20DB2A9-21EA-4BDB-8576-B14C8C884173}.Debug|Mixed Platforms.Build.0 = Debug|Any CPU
		{B20DB2A9-21EA-4BDB-8576-B14C8C884173}.Debug|x86.ActiveCfg = Debug|Any CPU
		{B20DB2A9-21EA-4BDB-8576-B14C8C884173}.Release|Any CPU.ActiveCfg = Release|Any CPU
		{B20DB2A9-21EA-4BDB-8576-B14C8C884173}.Release|Any CPU.Build.0 = Release|Any CPU
		{B20DB2A9-21EA-4BDB-8576-B14C8C884173}.Release|Mixed Platforms.ActiveCfg = Release|Any CPU
		{B20DB2A9-21EA-4BDB-8576-B14C8C884173}.Release|Mixed Platforms.Build.0 = Release|Any CPU
		{B20DB2A9-21EA-4BDB-8576-B14C8C884173}.Release|x86.ActiveCfg = Release|Any CPU
		{463AF561-A2BC-432C-AA7D-326ABEFFFAC4}.Debug|Any CPU.ActiveCfg = Debug|Any CPU
		{463AF561-A2BC-432C-AA7D-326ABEFFFAC4}.Debug|Any CPU.Build.0 = Debug|Any CPU
		{463AF561-A2BC-432C-AA7D-326ABEFFFAC4}.Debug|Mixed Platforms.ActiveCfg = Debug|Any CPU
		{463AF561-A2BC-432C-AA7D-326ABEFFFAC4}.Debug|Mixed Platforms.Build.0 = Debug|Any CPU
		{463AF561-A2BC-432C-AA7D-326ABEFFFAC4}.Debug|x86.ActiveCfg = Debug|Any CPU
		{463AF561-A2BC-432C-AA7D-326ABEFFFAC4}.Release|Any CPU.ActiveCfg = Release|Any CPU
		{463AF561-A2BC-432C-AA7D-326ABEFFFAC4}.Release|Any CPU.Build.0 = Release|Any CPU
		{463AF561-A2BC-432C-AA7D-326ABEFFFAC4}.Release|Mixed Platforms.ActiveCfg = Release|Any CPU
		{463AF561-A2BC-432C-AA7D-326ABEFFFAC4}.Release|Mixed Platforms.Build.0 = Release|Any CPU
		{463AF561-A2BC-432C-AA7D-326ABEFFFAC4}.Release|x86.ActiveCfg = Release|Any CPU
		{3AC95A91-D7A2-44BC-A3E9-20150B50E4CC}.Debug|Any CPU.ActiveCfg = Debug|Any CPU
		{3AC95A91-D7A2-44BC-A3E9-20150B50E4CC}.Debug|Any CPU.Build.0 = Debug|Any CPU
		{3AC95A91-D7A2-44BC-A3E9-20150B50E4CC}.Debug|Mixed Platforms.ActiveCfg = Debug|Any CPU
		{3AC95A91-D7A2-44BC-A3E9-20150B50E4CC}.Debug|Mixed Platforms.Build.0 = Debug|Any CPU
		{3AC95A91-D7A2-44BC-A3E9-20150B50E4CC}.Debug|x86.ActiveCfg = Debug|Any CPU
		{3AC95A91-D7A2-44BC-A3E9-20150B50E4CC}.Release|Any CPU.ActiveCfg = Release|Any CPU
		{3AC95A91-D7A2-44BC-A3E9-20150B50E4CC}.Release|Any CPU.Build.0 = Release|Any CPU
		{3AC95A91-D7A2-44BC-A3E9-20150B50E4CC}.Release|Mixed Platforms.ActiveCfg = Release|Any CPU
		{3AC95A91-D7A2-44BC-A3E9-20150B50E4CC}.Release|Mixed Platforms.Build.0 = Release|Any CPU
		{3AC95A91-D7A2-44BC-A3E9-20150B50E4CC}.Release|x86.ActiveCfg = Release|Any CPU
		{6DC12211-346F-4333-8B54-71505E93B527}.Debug|Any CPU.ActiveCfg = Debug|Any CPU
		{6DC12211-346F-4333-8B54-71505E93B527}.Debug|Any CPU.Build.0 = Debug|Any CPU
		{6DC12211-346F-4333-8B54-71505E93B527}.Debug|Mixed Platforms.ActiveCfg = Debug|Any CPU
		{6DC12211-346F-4333-8B54-71505E93B527}.Debug|Mixed Platforms.Build.0 = Debug|Any CPU
		{6DC12211-346F-4333-8B54-71505E93B527}.Debug|x86.ActiveCfg = Debug|Any CPU
		{6DC12211-346F-4333-8B54-71505E93B527}.Release|Any CPU.ActiveCfg = Release|Any CPU
		{6DC12211-346F-4333-8B54-71505E93B527}.Release|Any CPU.Build.0 = Release|Any CPU
		{6DC12211-346F-4333-8B54-71505E93B527}.Release|Mixed Platforms.ActiveCfg = Release|Any CPU
		{6DC12211-346F-4333-8B54-71505E93B527}.Release|Mixed Platforms.Build.0 = Release|Any CPU
		{6DC12211-346F-4333-8B54-71505E93B527}.Release|x86.ActiveCfg = Release|Any CPU
		{2D75DED1-98CE-4D74-B729-947B65D5C868}.Debug|Any CPU.ActiveCfg = Debug|Any CPU
		{2D75DED1-98CE-4D74-B729-947B65D5C868}.Debug|Any CPU.Build.0 = Debug|Any CPU
		{2D75DED1-98CE-4D74-B729-947B65D5C868}.Debug|Mixed Platforms.ActiveCfg = Debug|Any CPU
		{2D75DED1-98CE-4D74-B729-947B65D5C868}.Debug|Mixed Platforms.Build.0 = Debug|Any CPU
		{2D75DED1-98CE-4D74-B729-947B65D5C868}.Debug|x86.ActiveCfg = Debug|Any CPU
		{2D75DED1-98CE-4D74-B729-947B65D5C868}.Release|Any CPU.ActiveCfg = Release|Any CPU
		{2D75DED1-98CE-4D74-B729-947B65D5C868}.Release|Any CPU.Build.0 = Release|Any CPU
		{2D75DED1-98CE-4D74-B729-947B65D5C868}.Release|Mixed Platforms.ActiveCfg = Release|Any CPU
		{2D75DED1-98CE-4D74-B729-947B65D5C868}.Release|Mixed Platforms.Build.0 = Release|Any CPU
		{2D75DED1-98CE-4D74-B729-947B65D5C868}.Release|x86.ActiveCfg = Release|Any CPU
		{7FF7C16E-CFF0-4B91-88EA-6077FA8C394B}.Debug|Any CPU.ActiveCfg = Debug|Any CPU
		{7FF7C16E-CFF0-4B91-88EA-6077FA8C394B}.Debug|Any CPU.Build.0 = Debug|Any CPU
		{7FF7C16E-CFF0-4B91-88EA-6077FA8C394B}.Debug|Mixed Platforms.ActiveCfg = Debug|Any CPU
		{7FF7C16E-CFF0-4B91-88EA-6077FA8C394B}.Debug|Mixed Platforms.Build.0 = Debug|Any CPU
		{7FF7C16E-CFF0-4B91-88EA-6077FA8C394B}.Debug|x86.ActiveCfg = Debug|Any CPU
		{7FF7C16E-CFF0-4B91-88EA-6077FA8C394B}.Release|Any CPU.ActiveCfg = Release|Any CPU
		{7FF7C16E-CFF0-4B91-88EA-6077FA8C394B}.Release|Any CPU.Build.0 = Release|Any CPU
		{7FF7C16E-CFF0-4B91-88EA-6077FA8C394B}.Release|Mixed Platforms.ActiveCfg = Release|Any CPU
		{7FF7C16E-CFF0-4B91-88EA-6077FA8C394B}.Release|Mixed Platforms.Build.0 = Release|Any CPU
		{7FF7C16E-CFF0-4B91-88EA-6077FA8C394B}.Release|x86.ActiveCfg = Release|Any CPU
		{DB064186-1370-4CED-908D-99EE91A85CA3}.Debug|Any CPU.ActiveCfg = Debug|Any CPU
		{DB064186-1370-4CED-908D-99EE91A85CA3}.Debug|Any CPU.Build.0 = Debug|Any CPU
		{DB064186-1370-4CED-908D-99EE91A85CA3}.Debug|Mixed Platforms.ActiveCfg = Debug|Any CPU
		{DB064186-1370-4CED-908D-99EE91A85CA3}.Debug|Mixed Platforms.Build.0 = Debug|Any CPU
		{DB064186-1370-4CED-908D-99EE91A85CA3}.Debug|x86.ActiveCfg = Debug|Any CPU
		{DB064186-1370-4CED-908D-99EE91A85CA3}.Release|Any CPU.ActiveCfg = Release|Any CPU
		{DB064186-1370-4CED-908D-99EE91A85CA3}.Release|Any CPU.Build.0 = Release|Any CPU
		{DB064186-1370-4CED-908D-99EE91A85CA3}.Release|Mixed Platforms.ActiveCfg = Release|Any CPU
		{DB064186-1370-4CED-908D-99EE91A85CA3}.Release|Mixed Platforms.Build.0 = Release|Any CPU
		{DB064186-1370-4CED-908D-99EE91A85CA3}.Release|x86.ActiveCfg = Release|Any CPU
	EndGlobalSection
	GlobalSection(SolutionProperties) = preSolution
		HideSolutionNode = FALSE
	EndGlobalSection
	GlobalSection(NestedProjects) = preSolution
		{7E696F46-DA95-4104-9252-ED3F1C1B9A21} = {D57B83FF-80D5-4C94-A208-D80B8F35F5E8}
		{6BBAB0E0-DBD3-48B8-95E1-FB8AF1877632} = {D57B83FF-80D5-4C94-A208-D80B8F35F5E8}
		{4E7F43D7-8BE7-4473-B1F5-03CD3B1470BA} = {D57B83FF-80D5-4C94-A208-D80B8F35F5E8}
		{92139F5A-54A5-4D16-B69D-496B26547376} = {D57B83FF-80D5-4C94-A208-D80B8F35F5E8}
		{1EC38A38-6311-4D02-A15A-E0BD73132426} = {D57B83FF-80D5-4C94-A208-D80B8F35F5E8}
		{3E51A7C5-4C08-4C31-9BA7-E9B76E357C7A} = {D57B83FF-80D5-4C94-A208-D80B8F35F5E8}
		{E3DC3EB7-293F-43F3-841D-A4B1473AC6EE} = {D57B83FF-80D5-4C94-A208-D80B8F35F5E8}
		{DCC2F953-EA6C-4461-918A-56F1E139DF64} = {D57B83FF-80D5-4C94-A208-D80B8F35F5E8}
		{4E3479B1-8FA0-440C-BE81-4BEE608AD6D2} = {D57B83FF-80D5-4C94-A208-D80B8F35F5E8}
		{A8743C73-0ED4-4508-A1DF-82447C95DD30} = {4E7F43D7-8BE7-4473-B1F5-03CD3B1470BA}
	EndGlobalSection
EndGlobal
